
Microsoft Visual Studio Solution File, Format Version 12.00
# Visual Studio Version 17
VisualStudioVersion = 17.5.33530.505
MinimumVisualStudioVersion = 10.0.40219.1
Project("{9A19103F-16F7-4668-BE54-9A1E7A4F7556}") = "GlobalErrorHandler", "GlobalErrorHandler.csproj", "{AB7C7685-3E21-40E1-A5FC-4404F7FD5351}"
EndProject
Global
	GlobalSection(SolutionConfigurationPlatforms) = preSolution
		Debug|Any CPU = Debug|Any CPU
		Release|Any CPU = Release|Any CPU
	EndGlobalSection
	GlobalSection(ProjectConfigurationPlatforms) = postSolution
		{AB7C7685-3E21-40E1-A5FC-4404F7FD5351}.Debug|Any CPU.ActiveCfg = Debug|Any CPU
		{AB7C7685-3E21-40E1-A5FC-4404F7FD5351}.Debug|Any CPU.Build.0 = Debug|Any CPU
		{AB7C7685-3E21-40E1-A5FC-4404F7FD5351}.Release|Any CPU.ActiveCfg = Release|Any CPU
		{AB7C7685-3E21-40E1-A5FC-4404F7FD5351}.Release|Any CPU.Build.0 = Release|Any CPU
	EndGlobalSection
	GlobalSection(SolutionProperties) = preSolution
		HideSolutionNode = FALSE
	EndGlobalSection
	GlobalSection(ExtensibilityGlobals) = postSolution
		SolutionGuid = {3B095737-6032-4124-AA8A-6CCC08CC09BF}
	EndGlobalSection
EndGlobal
